{
  "name": "devShare-github",
  "lockfileVersion": 2,
  "requires": true,
  "packages": {
    "": {
      "dependencies": {
        "easyqrcodejs": "^4.4.13",
        "require": "^0.4.4"
      }
    },
    "node_modules/easyqrcodejs": {
      "version": "4.4.13",
      "resolved": "https://registry.npmjs.org/easyqrcodejs/-/easyqrcodejs-4.4.13.tgz",
      "integrity": "sha512-NulfMl+bhx/gAjZcBjgNd99jqPE5wEho1Z3nZwnKNISu0STnVq0xFQ28SVhcnOwt+47BJ80dULVNzpGIwYi66A=="
    },
    "node_modules/require": {
      "version": "0.4.4",
      "resolved": "https://registry.npmjs.org/require/-/require-0.4.4.tgz",
      "integrity": "sha512-aCu6DCnZpKufLPwcXvXVf7rv9gXFojNBQvp/anIBIhTn8XLREnI/WTC4T4WPz4MYKFrRrJ1ocA76pMuH+laaMA==",
      "bin": {
        "require": "bin/require-command.js"
      },
      "engines": {
        "browsers": "*",
        "node": "*"
      }
    }
  },
  "dependencies": {
    "easyqrcodejs": {
      "version": "4.4.13",
      "resolved": "https://registry.npmjs.org/easyqrcodejs/-/easyqrcodejs-4.4.13.tgz",
      "integrity": "sha512-NulfMl+bhx/gAjZcBjgNd99jqPE5wEho1Z3nZwnKNISu0STnVq0xFQ28SVhcnOwt+47BJ80dULVNzpGIwYi66A=="
    },
    "require": {
      "version": "0.4.4",
      "resolved": "https://registry.npmjs.org/require/-/require-0.4.4.tgz",
      "integrity": "sha512-aCu6DCnZpKufLPwcXvXVf7rv9gXFojNBQvp/anIBIhTn8XLREnI/WTC4T4WPz4MYKFrRrJ1ocA76pMuH+laaMA=="
    }
  }
}
